#MicroXplorer Configuration settings - do not modify
File.Version=6
KeepUserPlacement=false
Mcu.Family=STM32F7
Mcu.IP0=CORTEX_M7
Mcu.IP1=NVIC
Mcu.IP2=QUADSPI
Mcu.IP3=RCC
Mcu.IP4=SAI1
Mcu.IP5=SYS
Mcu.IPNb=6
Mcu.Name=STM32F767I(G-I)Tx
Mcu.Package=LQFP176
Mcu.Pin0=PE2
Mcu.Pin1=PE3
Mcu.Pin10=PH5
Mcu.Pin11=PA6
Mcu.Pin12=PB2
Mcu.Pin13=PH8
Mcu.Pin14=PC6
Mcu.Pin15=PC7
Mcu.Pin16=PC8
Mcu.Pin17=PC9
Mcu.Pin18=PA8
Mcu.Pin19=PH14
Mcu.Pin2=PE4
Mcu.Pin20=PA15
Mcu.Pin21=PC10
Mcu.Pin22=PC11
Mcu.Pin23=PC12
Mcu.Pin24=PD2
Mcu.Pin25=PD3
Mcu.Pin26=PD7
Mcu.Pin27=PG10
Mcu.Pin28=PG11
Mcu.Pin29=PB3
Mcu.Pin3=PE5
Mcu.Pin30=PB4
Mcu.Pin31=PB6
Mcu.Pin32=PB7
Mcu.Pin33=PB8
Mcu.Pin34=PB9
Mcu.Pin35=VP_SYS_VS_Systick
Mcu.Pin4=PE6
Mcu.Pin5=PF6
Mcu.Pin6=PF7
Mcu.Pin7=PF8
Mcu.Pin8=PF9
Mcu.Pin9=PH4
Mcu.PinsNb=36
Mcu.UserConstants=
Mcu.UserName=STM32F767IGTx
MxCube.Version=4.23.0
MxDb.Version=DB.4.0.230
NVIC.BusFault_IRQn=true\:0\:0\:false\:false\:true\:false
NVIC.DebugMonitor_IRQn=true\:0\:0\:false\:false\:true\:false
NVIC.HardFault_IRQn=true\:0\:0\:false\:false\:true\:false
NVIC.MemoryManagement_IRQn=true\:0\:0\:false\:false\:true\:false
NVIC.NonMaskableInt_IRQn=true\:0\:0\:false\:false\:true\:false
NVIC.PendSV_IRQn=true\:0\:0\:false\:false\:true\:false
NVIC.PriorityGroup=NVIC_PRIORITYGROUP_4
NVIC.SVCall_IRQn=true\:0\:0\:false\:false\:true\:false
NVIC.SysTick_IRQn=true\:0\:0\:false\:false\:true\:false
NVIC.UsageFault_IRQn=true\:0\:0\:false\:false\:true\:false
PA15.Locked=true
PA15.Signal=GPIO_Output
PA6.Locked=true
PA6.Signal=DCMI_PIXCLK
PA8.Locked=true
PA8.Signal=GPIO_Output
PB2.Locked=true
PB2.Mode=Single Bank 1
PB2.Signal=QUADSPI_CLK
PB3.Locked=true
PB3.Signal=GPIO_Output
PB4.Locked=true
PB4.Signal=GPIO_Output
PB6.Locked=true
PB6.Mode=Single Bank 1
PB6.Signal=QUADSPI_BK1_NCS
PB7.Locked=true
PB7.Signal=DCMI_VSYNC
PB8.Locked=true
PB8.Signal=DCMI_D6
PB9.Locked=true
PB9.Signal=DCMI_D7
PC10.Locked=true
PC10.Signal=SDMMC1_D2
PC11.Locked=true
PC11.Signal=SDMMC1_D3
PC12.Locked=true
PC12.Signal=SDMMC1_CK
PC6.Locked=true
PC6.Signal=DCMI_D0
PC7.Locked=true
PC7.Signal=DCMI_D1
PC8.Locked=true
PC8.Signal=SDMMC1_D0
PC9.Locked=true
PC9.Signal=SDMMC1_D1
PCC.Checker=false
PCC.Line=STM32F7x7
PCC.MCU=STM32F767I(G-I)Tx
PCC.PartNumber=STM32F767IGTx
PCC.Seq0=0
PCC.Series=STM32F7
PCC.Temperature=25
PCC.Vdd=3.3
PD2.Locked=true
PD2.Signal=SDMMC1_CMD
PD3.Locked=true
PD3.Signal=DCMI_D5
PD7.Locked=true
PD7.Signal=GPIO_Output
PE2.Locked=true
PE2.Mode=SAI_A_MasterWithClock
PE2.Signal=SAI1_MCLK_A
PE3.Locked=true
PE3.Signal=SAI1_SD_B
PE4.Locked=true
PE4.Mode=SAI_A_MasterWithClock
PE4.Signal=SAI1_FS_A
PE5.Locked=true
PE5.Mode=SAI_A_MasterWithClock
PE5.Signal=SAI1_SCK_A
PE6.Locked=true
PE6.Mode=SAI_A_MasterWithClock
PE6.Signal=SAI1_SD_A
PF6.Locked=true
PF6.Mode=Single Bank 1
PF6.Signal=QUADSPI_BK1_IO3
PF7.Locked=true
PF7.Mode=Single Bank 1
PF7.Signal=QUADSPI_BK1_IO2
PF8.Locked=true
PF8.Mode=Single Bank 1
PF8.Signal=QUADSPI_BK1_IO0
PF9.Locked=true
PF9.Mode=Single Bank 1
PF9.Signal=QUADSPI_BK1_IO1
PG10.Locked=true
PG10.Signal=DCMI_D2
PG11.Locked=true
PG11.Signal=DCMI_D3
PH14.Locked=true
PH14.Signal=DCMI_D4
PH4.Locked=true
PH4.Signal=I2C2_SCL
PH5.Locked=true
PH5.Signal=I2C2_SDA
PH8.Locked=true
PH8.Signal=DCMI_HSYNC
PinOutPanel.RotationAngle=90
RCC.CECFreq_Value=32786.88524590164
RCC.DFSDMFreq_Value=16000000
RCC.FamilyName=M
RCC.HSE_VALUE=25000000
RCC.HSI_VALUE=16000000
RCC.I2SFreq_Value=96000000
RCC.IPParameters=CECFreq_Value,DFSDMFreq_Value,FamilyName,HSE_VALUE,HSI_VALUE,I2SFreq_Value,LCDTFTFreq_Value,LSE_VALUE,LSI_VALUE,PLLCLKFreq_Value,PLLI2SPCLKFreq_Value,PLLI2SQCLKFreq_Value,PLLI2SRCLKFreq_Value,PLLQCLKFreq_Value,PLLSAIPCLKFreq_Value,PLLSAIQCLKFreq_Value,PLLSAIRCLKFreq_Value,PLLSAIoutputFreq_Value,RNGFreq_Value,SAI1Freq_Value,SAI2Freq_Value,SDMMC2Freq_Value,SDMMCFreq_Value,SPDIFRXFreq_Value,USBFreq_Value,VCOI2SOutputFreq_Value,VCOInputFreq_Value,VCOOutputFreq_Value,VCOSAIOutputFreq_Value
RCC.LCDTFTFreq_Value=48000000
RCC.LSE_VALUE=32768
RCC.LSI_VALUE=32000
RCC.PLLCLKFreq_Value=96000000
RCC.PLLI2SPCLKFreq_Value=96000000
RCC.PLLI2SQCLKFreq_Value=96000000
RCC.PLLI2SRCLKFreq_Value=96000000
RCC.PLLQCLKFreq_Value=96000000
RCC.PLLSAIPCLKFreq_Value=96000000
RCC.PLLSAIQCLKFreq_Value=96000000
RCC.PLLSAIRCLKFreq_Value=96000000
RCC.PLLSAIoutputFreq_Value=96000000
RCC.RNGFreq_Value=96000000
RCC.SAI1Freq_Value=96000000
RCC.SAI2Freq_Value=96000000
RCC.SDMMC2Freq_Value=16000000
RCC.SDMMCFreq_Value=16000000
RCC.SPDIFRXFreq_Value=96000000
RCC.USBFreq_Value=96000000
RCC.VCOI2SOutputFreq_Value=192000000
RCC.VCOInputFreq_Value=1000000
RCC.VCOOutputFreq_Value=192000000
RCC.VCOSAIOutputFreq_Value=192000000
SAI1.IPParameters=Instance-SAI_A_MasterWithClock,VirtualMode-SAI_A_MasterWithClock,Synchro-SAI_A_MasterWithClock,MClockEnable-SAI_A_MasterWithClock
SAI1.Instance-SAI_A_MasterWithClock=SAI$Index_Block_A
SAI1.MClockEnable-SAI_A_MasterWithClock=SAI_MASTERCLOCK_ENABLE
SAI1.Synchro-SAI_A_MasterWithClock=SAI_ASYNCHRONOUS
SAI1.VirtualMode-SAI_A_MasterWithClock=VM_MASTER
VP_SYS_VS_Systick.Mode=SysTick
VP_SYS_VS_Systick.Signal=SYS_VS_Systick
